
Microsoft Visual Studio Solution File, Format Version 12.00
# Visual Studio Version 16
VisualStudioVersion = 16.0.31105.61
MinimumVisualStudioVersion = 10.0.40219.1
Project("{FAE04EC0-301F-11D3-BF4B-00C04F79EFBC}") = "TamTamBotSharp", "TamTamBotSharp\TamTamBotSharp.csproj", "{DF0EFB15-AAAE-4BD9-A58C-A4071421AC42}"
EndProject
Global
	GlobalSection(SolutionConfigurationPlatforms) = preSolution
		Debug|Any CPU = Debug|Any CPU
		Release|Any CPU = Release|Any CPU
	EndGlobalSection
	GlobalSection(ProjectConfigurationPlatforms) = postSolution
		{DF0EFB15-AAAE-4BD9-A58C-A4071421AC42}.Debug|Any CPU.ActiveCfg = Debug|Any CPU
		{DF0EFB15-AAAE-4BD9-A58C-A4071421AC42}.Debug|Any CPU.Build.0 = Debug|Any CPU
		{DF0EFB15-AAAE-4BD9-A58C-A4071421AC42}.Release|Any CPU.ActiveCfg = Release|Any CPU
		{DF0EFB15-AAAE-4BD9-A58C-A4071421AC42}.Release|Any CPU.Build.0 = Release|Any CPU
	EndGlobalSection
	GlobalSection(SolutionProperties) = preSolution
		HideSolutionNode = FALSE
	EndGlobalSection
	GlobalSection(ExtensibilityGlobals) = postSolution
		SolutionGuid = {C9D763DE-60F1-41FF-A90F-F7E3287E1AF3}
	EndGlobalSection
EndGlobal
